Microsoft Visual Studio Solution File, Format Version 12.00
# Visual Studio 15
VisualStudioVersion = 15.0.28307.572
MinimumVisualStudioVersion = 10.0.40219.1
Project("{2150E333-8FDC-42A3-9474-1A3956D46DE8}") = ".paket", ".paket", "{CB2E7FB7-4543-4561-80C9-48418095C952}"
	ProjectSection(SolutionItems) = preProject
		paket.dependencies = paket.dependencies
	EndProjectSection
EndProject
Project("{FAE04EC0-301F-11D3-BF4B-00C04F79EFBC}") = "CalculatorLibWeb.Tests", "CalculatorLibWeb.Tests\CalculatorLibWeb.Tests.csproj", "{E6156A89-DCA8-4996-9249-A53001CA8342}"
EndProject
Project("{FAE04EC0-301F-11D3-BF4B-00C04F79EFBC}") = "CalculatorLibWeb.Lib", "CalculatorLibWeb.Lib\CalculatorLibWeb.Lib.csproj", "{A0E4285E-415C-4FA6-834F-1FB090C16064}"
EndProject
Project("{FAE04EC0-301F-11D3-BF4B-00C04F79EFBC}") = "CalculatorLibWeb.Web", "CalculatorLibWeb.Web\CalculatorLibWeb.Web.csproj", "{43DF76C4-612E-4779-93F4-F47A4906CF3B}"
EndProject
Global
	GlobalSection(SolutionConfigurationPlatforms) = preSolution
		Debug|Any CPU = Debug|Any CPU
		Release|Any CPU = Release|Any CPU
	EndGlobalSection
	GlobalSection(ProjectConfigurationPlatforms) = postSolution
		{E6156A89-DCA8-4996-9249-A53001CA8342}.Debug|Any CPU.ActiveCfg = Debug|Any CPU
		{E6156A89-DCA8-4996-9249-A53001CA8342}.Debug|Any CPU.Build.0 = Debug|Any CPU
		{E6156A89-DCA8-4996-9249-A53001CA8342}.Release|Any CPU.ActiveCfg = Release|Any CPU
		{E6156A89-DCA8-4996-9249-A53001CA8342}.Release|Any CPU.Build.0 = Release|Any CPU
		{A0E4285E-415C-4FA6-834F-1FB090C16064}.Debug|Any CPU.ActiveCfg = Debug|Any CPU
		{A0E4285E-415C-4FA6-834F-1FB090C16064}.Debug|Any CPU.Build.0 = Debug|Any CPU
		{A0E4285E-415C-4FA6-834F-1FB090C16064}.Release|Any CPU.ActiveCfg = Release|Any CPU
		{A0E4285E-415C-4FA6-834F-1FB090C16064}.Release|Any CPU.Build.0 = Release|Any CPU
		{43DF76C4-612E-4779-93F4-F47A4906CF3B}.Debug|Any CPU.ActiveCfg = Debug|Any CPU
		{43DF76C4-612E-4779-93F4-F47A4906CF3B}.Debug|Any CPU.Build.0 = Debug|Any CPU
		{43DF76C4-612E-4779-93F4-F47A4906CF3B}.Release|Any CPU.ActiveCfg = Release|Any CPU
		{43DF76C4-612E-4779-93F4-F47A4906CF3B}.Release|Any CPU.Build.0 = Release|Any CPU
	EndGlobalSection
	GlobalSection(SolutionProperties) = preSolution
		HideSolutionNode = FALSE
	EndGlobalSection
	GlobalSection(ExtensibilityGlobals) = postSolution
		SolutionGuid = {BAF57A2E-AAEA-43DB-88A0-1B0B73B5AB6B}
	EndGlobalSection
EndGlobal
